
Microsoft Visual Studio Solution File, Format Version 12.00
# Visual Studio Version 17
VisualStudioVersion = 17.5.002.0
MinimumVisualStudioVersion = 10.0.40219.1
Project("{2150E333-8FDC-42A3-9474-1A3956D46DE8}") = "sandbox", "sandbox", "{DF0988CE-B87C-43E2-A8B2-20C35FD44BA8}"
EndProject
Project("{9A19103F-16F7-4668-BE54-9A1E7A4F7556}") = "sandbox_project", "sandbox\sandbox_project\sandbox_project.csproj", "{A4DC064B-0DF3-4DB7-A7B1-3DCE41B8F3BA}"
EndProject
Project("{2150E333-8FDC-42A3-9474-1A3956D46DE8}") = "week01", "week01", "{C3921573-0A31-4C55-97F9-B0C1E8505C6B}"
EndProject
Project("{9A19103F-16F7-4668-BE54-9A1E7A4F7556}") = "analyze", "week01\analyze\analyze.csproj", "{5FE45D80-E52D-41DE-8B77-56044880A1D1}"
EndProject
Project("{9A19103F-16F7-4668-BE54-9A1E7A4F7556}") = "code", "week01\code\code.csproj", "{357FA951-2231-478A-B4D4-F283DF8A55A2}"
EndProject
Project("{9A19103F-16F7-4668-BE54-9A1E7A4F7556}") = "teach", "week01\teach\teach.csproj", "{4097E689-CAC2-4475-95F6-907750ECD954}"
EndProject
Project("{2150E333-8FDC-42A3-9474-1A3956D46DE8}") = "week02", "week02", "{442D02E4-A9FB-4767-85FB-965720D8F78E}"
EndProject
Project("{9A19103F-16F7-4668-BE54-9A1E7A4F7556}") = "analyze", "week02\analyze\analyze.csproj", "{612FEDAE-7943-4D81-A770-A63F7DCD4252}"
EndProject
Project("{9A19103F-16F7-4668-BE54-9A1E7A4F7556}") = "code", "week02\code\code.csproj", "{6E7E9EB0-F36E-4257-8B67-AB261177974D}"
EndProject
Project("{9A19103F-16F7-4668-BE54-9A1E7A4F7556}") = "learn", "week02\learn\learn.csproj", "{A24B3A0E-0672-48BC-81A8-67874BBC7129}"
EndProject
Project("{9A19103F-16F7-4668-BE54-9A1E7A4F7556}") = "teach", "week02\teach\teach.csproj", "{448A301F-6B79-4FA8-8EE8-83003694A390}"
EndProject
Project("{2150E333-8FDC-42A3-9474-1A3956D46DE8}") = "week03", "week03", "{B6C45776-79D3-440F-A18D-C5369B4E65CA}"
EndProject
Project("{9A19103F-16F7-4668-BE54-9A1E7A4F7556}") = "code", "week03\code\code.csproj", "{F541E33C-923C-4218-A939-4CAF8C78AA05}"
EndProject
Project("{9A19103F-16F7-4668-BE54-9A1E7A4F7556}") = "learn", "week03\learn\learn.csproj", "{115F3E71-A854-4C89-BA9C-407DBB2C6342}"
EndProject
Project("{9A19103F-16F7-4668-BE54-9A1E7A4F7556}") = "teach", "week03\teach\teach.csproj", "{489CCB96-36C6-4535-B201-FD1DA20D5663}"
EndProject
Project("{2150E333-8FDC-42A3-9474-1A3956D46DE8}") = "week04", "week04", "{886652D9-E3A1-4ACD-BC97-D09AA71D0E74}"
EndProject
Project("{9A19103F-16F7-4668-BE54-9A1E7A4F7556}") = "code", "week04\code\code.csproj", "{1039CA7E-C60A-4157-9443-227549D8CBA0}"
EndProject
Project("{2150E333-8FDC-42A3-9474-1A3956D46DE8}") = "week05", "week05", "{2B994682-74DC-48AB-8337-011227508018}"
EndProject
Project("{9A19103F-16F7-4668-BE54-9A1E7A4F7556}") = "code", "week05\code\code.csproj", "{55CDEFCC-9473-4F4D-BBAA-BBD9D8896C80}"
EndProject
Project("{2150E333-8FDC-42A3-9474-1A3956D46DE8}") = "week06", "week06", "{973AE20A-233E-4F35-94BF-3B6FD5C50118}"
EndProject
Project("{9A19103F-16F7-4668-BE54-9A1E7A4F7556}") = "code", "week06\code\code.csproj", "{78A5FCD1-B2FA-4850-B032-CDF052BEBDAD}"
EndProject
Global
	GlobalSection(SolutionConfigurationPlatforms) = preSolution
		Debug|Any CPU = Debug|Any CPU
		Release|Any CPU = Release|Any CPU
	EndGlobalSection
	GlobalSection(ProjectConfigurationPlatforms) = postSolution
		{A4DC064B-0DF3-4DB7-A7B1-3DCE41B8F3BA}.Debug|Any CPU.ActiveCfg = Debug|Any CPU
		{A4DC064B-0DF3-4DB7-A7B1-3DCE41B8F3BA}.Debug|Any CPU.Build.0 = Debug|Any CPU
		{A4DC064B-0DF3-4DB7-A7B1-3DCE41B8F3BA}.Release|Any CPU.ActiveCfg = Release|Any CPU
		{A4DC064B-0DF3-4DB7-A7B1-3DCE41B8F3BA}.Release|Any CPU.Build.0 = Release|Any CPU
		{5FE45D80-E52D-41DE-8B77-56044880A1D1}.Debug|Any CPU.ActiveCfg = Debug|Any CPU
		{5FE45D80-E52D-41DE-8B77-56044880A1D1}.Debug|Any CPU.Build.0 = Debug|Any CPU
		{5FE45D80-E52D-41DE-8B77-56044880A1D1}.Release|Any CPU.ActiveCfg = Release|Any CPU
		{5FE45D80-E52D-41DE-8B77-56044880A1D1}.Release|Any CPU.Build.0 = Release|Any CPU
		{357FA951-2231-478A-B4D4-F283DF8A55A2}.Debug|Any CPU.ActiveCfg = Debug|Any CPU
		{357FA951-2231-478A-B4D4-F283DF8A55A2}.Debug|Any CPU.Build.0 = Debug|Any CPU
		{357FA951-2231-478A-B4D4-F283DF8A55A2}.Release|Any CPU.ActiveCfg = Release|Any CPU
		{357FA951-2231-478A-B4D4-F283DF8A55A2}.Release|Any CPU.Build.0 = Release|Any CPU
		{4097E689-CAC2-4475-95F6-907750ECD954}.Debug|Any CPU.ActiveCfg = Debug|Any CPU
		{4097E689-CAC2-4475-95F6-907750ECD954}.Debug|Any CPU.Build.0 = Debug|Any CPU
		{4097E689-CAC2-4475-95F6-907750ECD954}.Release|Any CPU.ActiveCfg = Release|Any CPU
		{4097E689-CAC2-4475-95F6-907750ECD954}.Release|Any CPU.Build.0 = Release|Any CPU
		{612FEDAE-7943-4D81-A770-A63F7DCD4252}.Debug|Any CPU.ActiveCfg = Debug|Any CPU
		{612FEDAE-7943-4D81-A770-A63F7DCD4252}.Debug|Any CPU.Build.0 = Debug|Any CPU
		{612FEDAE-7943-4D81-A770-A63F7DCD4252}.Release|Any CPU.ActiveCfg = Release|Any CPU
		{612FEDAE-7943-4D81-A770-A63F7DCD4252}.Release|Any CPU.Build.0 = Release|Any CPU
		{6E7E9EB0-F36E-4257-8B67-AB261177974D}.Debug|Any CPU.ActiveCfg = Debug|Any CPU
		{6E7E9EB0-F36E-4257-8B67-AB261177974D}.Debug|Any CPU.Build.0 = Debug|Any CPU
		{6E7E9EB0-F36E-4257-8B67-AB261177974D}.Release|Any CPU.ActiveCfg = Release|Any CPU
		{6E7E9EB0-F36E-4257-8B67-AB261177974D}.Release|Any CPU.Build.0 = Release|Any CPU
		{A24B3A0E-0672-48BC-81A8-67874BBC7129}.Debug|Any CPU.ActiveCfg = Debug|Any CPU
		{A24B3A0E-0672-48BC-81A8-67874BBC7129}.Debug|Any CPU.Build.0 = Debug|Any CPU
		{A24B3A0E-0672-48BC-81A8-67874BBC7129}.Release|Any CPU.ActiveCfg = Release|Any CPU
		{A24B3A0E-0672-48BC-81A8-67874BBC7129}.Release|Any CPU.Build.0 = Release|Any CPU
		{448A301F-6B79-4FA8-8EE8-83003694A390}.Debug|Any CPU.ActiveCfg = Debug|Any CPU
		{448A301F-6B79-4FA8-8EE8-83003694A390}.Debug|Any CPU.Build.0 = Debug|Any CPU
		{448A301F-6B79-4FA8-8EE8-83003694A390}.Release|Any CPU.ActiveCfg = Release|Any CPU
		{448A301F-6B79-4FA8-8EE8-83003694A390}.Release|Any CPU.Build.0 = Release|Any CPU
		{F541E33C-923C-4218-A939-4CAF8C78AA05}.Debug|Any CPU.ActiveCfg = Debug|Any CPU
		{F541E33C-923C-4218-A939-4CAF8C78AA05}.Debug|Any CPU.Build.0 = Debug|Any CPU
		{F541E33C-923C-4218-A939-4CAF8C78AA05}.Release|Any CPU.ActiveCfg = Release|Any CPU
		{F541E33C-923C-4218-A939-4CAF8C78AA05}.Release|Any CPU.Build.0 = Release|Any CPU
		{115F3E71-A854-4C89-BA9C-407DBB2C6342}.Debug|Any CPU.ActiveCfg = Debug|Any CPU
		{115F3E71-A854-4C89-BA9C-407DBB2C6342}.Debug|Any CPU.Build.0 = Debug|Any CPU
		{115F3E71-A854-4C89-BA9C-407DBB2C6342}.Release|Any CPU.ActiveCfg = Release|Any CPU
		{115F3E71-A854-4C89-BA9C-407DBB2C6342}.Release|Any CPU.Build.0 = Release|Any CPU
		{489CCB96-36C6-4535-B201-FD1DA20D5663}.Debug|Any CPU.ActiveCfg = Debug|Any CPU
		{489CCB96-36C6-4535-B201-FD1DA20D5663}.Debug|Any CPU.Build.0 = Debug|Any CPU
		{489CCB96-36C6-4535-B201-FD1DA20D5663}.Release|Any CPU.ActiveCfg = Release|Any CPU
		{489CCB96-36C6-4535-B201-FD1DA20D5663}.Release|Any CPU.Build.0 = Release|Any CPU
		{1039CA7E-C60A-4157-9443-227549D8CBA0}.Debug|Any CPU.ActiveCfg = Debug|Any CPU
		{1039CA7E-C60A-4157-9443-227549D8CBA0}.Debug|Any CPU.Build.0 = Debug|Any CPU
		{1039CA7E-C60A-4157-9443-227549D8CBA0}.Release|Any CPU.ActiveCfg = Release|Any CPU
		{1039CA7E-C60A-4157-9443-227549D8CBA0}.Release|Any CPU.Build.0 = Release|Any CPU
		{55CDEFCC-9473-4F4D-BBAA-BBD9D8896C80}.Debug|Any CPU.ActiveCfg = Debug|Any CPU
		{55CDEFCC-9473-4F4D-BBAA-BBD9D8896C80}.Debug|Any CPU.Build.0 = Debug|Any CPU
		{55CDEFCC-9473-4F4D-BBAA-BBD9D8896C80}.Release|Any CPU.ActiveCfg = Release|Any CPU
		{55CDEFCC-9473-4F4D-BBAA-BBD9D8896C80}.Release|Any CPU.Build.0 = Release|Any CPU
		{78A5FCD1-B2FA-4850-B032-CDF052BEBDAD}.Debug|Any CPU.ActiveCfg = Debug|Any CPU
		{78A5FCD1-B2FA-4850-B032-CDF052BEBDAD}.Debug|Any CPU.Build.0 = Debug|Any CPU
		{78A5FCD1-B2FA-4850-B032-CDF052BEBDAD}.Release|Any CPU.ActiveCfg = Release|Any CPU
		{78A5FCD1-B2FA-4850-B032-CDF052BEBDAD}.Release|Any CPU.Build.0 = Release|Any CPU
	EndGlobalSection
	GlobalSection(SolutionProperties) = preSolution
		HideSolutionNode = FALSE
	EndGlobalSection
	GlobalSection(NestedProjects) = preSolution
		{A4DC064B-0DF3-4DB7-A7B1-3DCE41B8F3BA} = {DF0988CE-B87C-43E2-A8B2-20C35FD44BA8}
		{5FE45D80-E52D-41DE-8B77-56044880A1D1} = {C3921573-0A31-4C55-97F9-B0C1E8505C6B}
		{357FA951-2231-478A-B4D4-F283DF8A55A2} = {C3921573-0A31-4C55-97F9-B0C1E8505C6B}
		{4097E689-CAC2-4475-95F6-907750ECD954} = {C3921573-0A31-4C55-97F9-B0C1E8505C6B}
		{612FEDAE-7943-4D81-A770-A63F7DCD4252} = {442D02E4-A9FB-4767-85FB-965720D8F78E}
		{6E7E9EB0-F36E-4257-8B67-AB261177974D} = {442D02E4-A9FB-4767-85FB-965720D8F78E}
		{A24B3A0E-0672-48BC-81A8-67874BBC7129} = {442D02E4-A9FB-4767-85FB-965720D8F78E}
		{448A301F-6B79-4FA8-8EE8-83003694A390} = {442D02E4-A9FB-4767-85FB-965720D8F78E}
		{F541E33C-923C-4218-A939-4CAF8C78AA05} = {B6C45776-79D3-440F-A18D-C5369B4E65CA}
		{115F3E71-A854-4C89-BA9C-407DBB2C6342} = {B6C45776-79D3-440F-A18D-C5369B4E65CA}
		{489CCB96-36C6-4535-B201-FD1DA20D5663} = {B6C45776-79D3-440F-A18D-C5369B4E65CA}
		{1039CA7E-C60A-4157-9443-227549D8CBA0} = {886652D9-E3A1-4ACD-BC97-D09AA71D0E74}
		{55CDEFCC-9473-4F4D-BBAA-BBD9D8896C80} = {2B994682-74DC-48AB-8337-011227508018}
		{78A5FCD1-B2FA-4850-B032-CDF052BEBDAD} = {973AE20A-233E-4F35-94BF-3B6FD5C50118}
	EndGlobalSection
	GlobalSection(ExtensibilityGlobals) = postSolution
		SolutionGuid = {102AE13A-D057-4AB2-B838-67CEDDD59190}
	EndGlobalSection
EndGlobal
